// !$*UTF8*$!
{
	archiveVersion = 1;
	classes = {
	};
	objectVersion = 50;
	objects = {

/* Begin PBXBuildFile section */
		71BF62FF25A74E89007025C2 /* UltimatePortfolioApp.swift in Sources */ = {isa = PBXBuildFile; fileRef = 71BF62FE25A74E89007025C2 /* UltimatePortfolioApp.swift */; };
		71BF630125A74E89007025C2 /* ContentView.swift in Sources */ = {isa = PBXBuildFile; fileRef = 71BF630025A74E89007025C2 /* ContentView.swift */; };
		71BF630325A74E8A007025C2 /* Assets.xcassets in Resources */ = {isa = PBXBuildFile; fileRef = 71BF630225A74E8A007025C2 /* Assets.xcassets */; };
		71BF630625A74E8A007025C2 /* Preview Assets.xcassets in Resources */ = {isa = PBXBuildFile; fileRef = 71BF630525A74E8A007025C2 /* Preview Assets.xcassets */; };
		71BF632F25A7A772007025C2 /* Main.xcdatamodeld in Sources */ = {isa = PBXBuildFile; fileRef = 71BF632D25A7A772007025C2 /* Main.xcdatamodeld */; };
		71BF633225A7AA81007025C2 /* DataController.swift in Sources */ = {isa = PBXBuildFile; fileRef = 71BF633125A7AA81007025C2 /* DataController.swift */; };
		71BF633625A8C444007025C2 /* HomeView.swift in Sources */ = {isa = PBXBuildFile; fileRef = 71BF633525A8C444007025C2 /* HomeView.swift */; };
		71BF637525A8DEC9007025C2 /* CloudKit.framework in Frameworks */ = {isa = PBXBuildFile; fileRef = 71BF637425A8DEC9007025C2 /* CloudKit.framework */; };
		71D9D17225AA175F00D6491A /* ProjectsView.swift in Sources */ = {isa = PBXBuildFile; fileRef = 71D9D17125AA175F00D6491A /* ProjectsView.swift */; };
		71D9D17525AA639400D6491A /* Item-CoreDataHelpers.swift in Sources */ = {isa = PBXBuildFile; fileRef = 71D9D17425AA639400D6491A /* Item-CoreDataHelpers.swift */; };
		71D9D17825AA64A900D6491A /* Project-CoreDataHelpers.swift in Sources */ = {isa = PBXBuildFile; fileRef = 71D9D17725AA64A900D6491A /* Project-CoreDataHelpers.swift */; };
		71D9D17C25AB5D7800D6491A /* EditItemView.swift in Sources */ = {isa = PBXBuildFile; fileRef = 71D9D17B25AB5D7800D6491A /* EditItemView.swift */; };
		71D9D17F25AB642A00D6491A /* ItemRowView.swift in Sources */ = {isa = PBXBuildFile; fileRef = 71D9D17E25AB642A00D6491A /* ItemRowView.swift */; };
		71D9D18225AB69D900D6491A /* Binding-OnChange.swift in Sources */ = {isa = PBXBuildFile; fileRef = 71D9D18125AB69D900D6491A /* Binding-OnChange.swift */; };
		71D9D18B25AB787200D6491A /* ProjectHeaderView.swift in Sources */ = {isa = PBXBuildFile; fileRef = 71D9D18A25AB787200D6491A /* ProjectHeaderView.swift */; };
		71D9D18E25AB797A00D6491A /* Colors.xcassets in Resources */ = {isa = PBXBuildFile; fileRef = 71D9D18D25AB797A00D6491A /* Colors.xcassets */; };
		71D9D19125AB7F3300D6491A /* EditProjectView.swift in Sources */ = {isa = PBXBuildFile; fileRef = 71D9D19025AB7F3300D6491A /* EditProjectView.swift */; };
/* End PBXBuildFile section */

/* Begin PBXFileReference section */
		71BF62FB25A74E89007025C2 /* UltimatePortfolio.app */ = {isa = PBXFileReference; explicitFileType = wrapper.application; includeInIndex = 0; path = UltimatePortfolio.app; sourceTree = BUILT_PRODUCTS_DIR; };
		71BF62FE25A74E89007025C2 /* UltimatePortfolioApp.swift */ = {isa = PBXFileReference; lastKnownFileType = sourcecode.swift; path = UltimatePortfolioApp.swift; sourceTree = "<group>"; };
		71BF630025A74E89007025C2 /* ContentView.swift */ = {isa = PBXFileReference; lastKnownFileType = sourcecode.swift; path = ContentView.swift; sourceTree = "<group>"; };
		71BF630225A74E8A007025C2 /* Assets.xcassets */ = {isa = PBXFileReference; lastKnownFileType = folder.assetcatalog; path = Assets.xcassets; sourceTree = "<group>"; };
		71BF630525A74E8A007025C2 /* Preview Assets.xcassets */ = {isa = PBXFileReference; lastKnownFileType = folder.assetcatalog; path = "Preview Assets.xcassets"; sourceTree = "<group>"; };
		71BF630725A74E8A007025C2 /* Info.plist */ = {isa = PBXFileReference; lastKnownFileType = text.plist.xml; path = Info.plist; sourceTree = "<group>"; };
		71BF632E25A7A772007025C2 /* Main.xcdatamodel */ = {isa = PBXFileReference; lastKnownFileType = wrapper.xcdatamodel; path = Main.xcdatamodel; sourceTree = "<group>"; };
		71BF633125A7AA81007025C2 /* DataController.swift */ = {isa = PBXFileReference; lastKnownFileType = sourcecode.swift; path = DataController.swift; sourceTree = "<group>"; };
		71BF633525A8C444007025C2 /* HomeView.swift */ = {isa = PBXFileReference; lastKnownFileType = sourcecode.swift; path = HomeView.swift; sourceTree = "<group>"; };
		71BF637225A8DEC3007025C2 /* UltimatePortfolio.entitlements */ = {isa = PBXFileReference; lastKnownFileType = text.plist.entitlements; path = UltimatePortfolio.entitlements; sourceTree = "<group>"; };
		71BF637425A8DEC9007025C2 /* CloudKit.framework */ = {isa = PBXFileReference; lastKnownFileType = wrapper.framework; name = CloudKit.framework; path = System/Library/Frameworks/CloudKit.framework; sourceTree = SDKROOT; };
		71D9D17125AA175F00D6491A /* ProjectsView.swift */ = {isa = PBXFileReference; lastKnownFileType = sourcecode.swift; path = ProjectsView.swift; sourceTree = "<group>"; };
		71D9D17425AA639400D6491A /* Item-CoreDataHelpers.swift */ = {isa = PBXFileReference; lastKnownFileType = sourcecode.swift; path = "Item-CoreDataHelpers.swift"; sourceTree = "<group>"; };
		71D9D17725AA64A900D6491A /* Project-CoreDataHelpers.swift */ = {isa = PBXFileReference; lastKnownFileType = sourcecode.swift; path = "Project-CoreDataHelpers.swift"; sourceTree = "<group>"; };
		71D9D17B25AB5D7800D6491A /* EditItemView.swift */ = {isa = PBXFileReference; lastKnownFileType = sourcecode.swift; path = EditItemView.swift; sourceTree = "<group>"; };
		71D9D17E25AB642A00D6491A /* ItemRowView.swift */ = {isa = PBXFileReference; lastKnownFileType = sourcecode.swift; path = ItemRowView.swift; sourceTree = "<group>"; };
		71D9D18125AB69D900D6491A /* Binding-OnChange.swift */ = {isa = PBXFileReference; lastKnownFileType = sourcecode.swift; path = "Binding-OnChange.swift"; sourceTree = "<group>"; };
		71D9D18A25AB787200D6491A /* ProjectHeaderView.swift */ = {isa = PBXFileReference; lastKnownFileType = sourcecode.swift; path = ProjectHeaderView.swift; sourceTree = "<group>"; };
		71D9D18D25AB797A00D6491A /* Colors.xcassets */ = {isa = PBXFileReference; lastKnownFileType = folder.assetcatalog; path = Colors.xcassets; sourceTree = "<group>"; };
		71D9D19025AB7F3300D6491A /* EditProjectView.swift */ = {isa = PBXFileReference; lastKnownFileType = sourcecode.swift; path = EditProjectView.swift; sourceTree = "<group>"; };
/* End PBXFileReference section */

/* Begin PBXFrameworksBuildPhase section */
		71BF62F825A74E89007025C2 /* Frameworks */ = {
			isa = PBXFrameworksBuildPhase;
			buildActionMask = 2147483647;
			files = (
				71BF637525A8DEC9007025C2 /* CloudKit.framework in Frameworks */,
			);
			runOnlyForDeploymentPostprocessing = 0;
		};
/* End PBXFrameworksBuildPhase section */

/* Begin PBXGroup section */
		71BF62F225A74E89007025C2 = {
			isa = PBXGroup;
			children = (
				71BF62FD25A74E89007025C2 /* UltimatePortfolio */,
				71BF62FC25A74E89007025C2 /* Products */,
				71BF637325A8DEC9007025C2 /* Frameworks */,
			);
			sourceTree = "<group>";
		};
		71BF62FC25A74E89007025C2 /* Products */ = {
			isa = PBXGroup;
			children = (
				71BF62FB25A74E89007025C2 /* UltimatePortfolio.app */,
			);
			name = Products;
			sourceTree = "<group>";
		};
		71BF62FD25A74E89007025C2 /* UltimatePortfolio */ = {
			isa = PBXGroup;
			children = (
				71BF637225A8DEC3007025C2 /* UltimatePortfolio.entitlements */,
				71BF632C25A7A69C007025C2 /* Models */,
				71BF632B25A7A68D007025C2 /* Views */,
				71BF632A25A7A684007025C2 /* Controllers */,
				71BF62FE25A74E89007025C2 /* UltimatePortfolioApp.swift */,
				71BF633525A8C444007025C2 /* HomeView.swift */,
				71D9D17425AA639400D6491A /* Item-CoreDataHelpers.swift */,
				71D9D17725AA64A900D6491A /* Project-CoreDataHelpers.swift */,
				71D9D17125AA175F00D6491A /* ProjectsView.swift */,
				71D9D18A25AB787200D6491A /* ProjectHeaderView.swift */,
				71D9D18125AB69D900D6491A /* Binding-OnChange.swift */,
				71D9D17E25AB642A00D6491A /* ItemRowView.swift */,
				71BF633125A7AA81007025C2 /* DataController.swift */,
				71BF630025A74E89007025C2 /* ContentView.swift */,
				71D9D19025AB7F3300D6491A /* EditProjectView.swift */,
				71D9D17B25AB5D7800D6491A /* EditItemView.swift */,
				71BF630225A74E8A007025C2 /* Assets.xcassets */,
				71BF630725A74E8A007025C2 /* Info.plist */,
				71BF630425A74E8A007025C2 /* Preview Content */,
				71D9D18D25AB797A00D6491A /* Colors.xcassets */,
			);
			path = UltimatePortfolio;
			sourceTree = "<group>";
		};
		71BF630425A74E8A007025C2 /* Preview Content */ = {
			isa = PBXGroup;
			children = (
				71BF630525A74E8A007025C2 /* Preview Assets.xcassets */,
			);
			path = "Preview Content";
			sourceTree = "<group>";
		};
		71BF632A25A7A684007025C2 /* Controllers */ = {
			isa = PBXGroup;
			children = (
			);
			path = Controllers;
			sourceTree = "<group>";
		};
		71BF632B25A7A68D007025C2 /* Views */ = {
			isa = PBXGroup;
			children = (
			);
			path = Views;
			sourceTree = "<group>";
		};
		71BF632C25A7A69C007025C2 /* Models */ = {
			isa = PBXGroup;
			children = (
				71BF632D25A7A772007025C2 /* Main.xcdatamodeld */,
			);
			path = Models;
			sourceTree = "<group>";
		};
		71BF637325A8DEC9007025C2 /* Frameworks */ = {
			isa = PBXGroup;
			children = (
				71BF637425A8DEC9007025C2 /* CloudKit.framework */,
			);
			name = Frameworks;
			sourceTree = "<group>";
		};
/* End PBXGroup section */

/* Begin PBXNativeTarget section */
		71BF62FA25A74E89007025C2 /* UltimatePortfolio */ = {
			isa = PBXNativeTarget;
			buildConfigurationList = 71BF630A25A74E8A007025C2 /* Build configuration list for PBXNativeTarget "UltimatePortfolio" */;
			buildPhases = (
				71BF62F725A74E89007025C2 /* Sources */,
				71BF62F825A74E89007025C2 /* Frameworks */,
				71BF62F925A74E89007025C2 /* Resources */,
			);
			buildRules = (
			);
			dependencies = (
			);
			name = UltimatePortfolio;
			productName = UltimatePortfolio;
			productReference = 71BF62FB25A74E89007025C2 /* UltimatePortfolio.app */;
			productType = "com.apple.product-type.application";
		};
/* End PBXNativeTarget section */

/* Begin PBXProject section */
		71BF62F325A74E89007025C2 /* Project object */ = {
			isa = PBXProject;
			attributes = {
				LastSwiftUpdateCheck = 1230;
				LastUpgradeCheck = 1230;
				TargetAttributes = {
					71BF62FA25A74E89007025C2 = {
						CreatedOnToolsVersion = 12.3;
					};
				};
			};
			buildConfigurationList = 71BF62F625A74E89007025C2 /* Build configuration list for PBXProject "UltimatePortfolio" */;
			compatibilityVersion = "Xcode 9.3";
			developmentRegion = en;
			hasScannedForEncodings = 0;
			knownRegions = (
				en,
				Base,
			);
			mainGroup = 71BF62F225A74E89007025C2;
			productRefGroup = 71BF62FC25A74E89007025C2 /* Products */;
			projectDirPath = "";
			projectRoot = "";
			targets = (
				71BF62FA25A74E89007025C2 /* UltimatePortfolio */,
			);
		};
/* End PBXProject section */

/* Begin PBXResourcesBuildPhase section */
		71BF62F925A74E89007025C2 /* Resources */ = {
			isa = PBXResourcesBuildPhase;
			buildActionMask = 2147483647;
			files = (
				71D9D18E25AB797A00D6491A /* Colors.xcassets in Resources */,
				71BF630625A74E8A007025C2 /* Preview Assets.xcassets in Resources */,
				71BF630325A74E8A007025C2 /* Assets.xcassets in Resources */,
			);
			runOnlyForDeploymentPostprocessing = 0;
		};
/* End PBXResourcesBuildPhase section */

/* Begin PBXSourcesBuildPhase section */
		71BF62F725A74E89007025C2 /* Sources */ = {
			isa = PBXSourcesBuildPhase;
			buildActionMask = 2147483647;
			files = (
				71D9D17225AA175F00D6491A /* ProjectsView.swift in Sources */,
				71D9D18B25AB787200D6491A /* ProjectHeaderView.swift in Sources */,
				71BF632F25A7A772007025C2 /* Main.xcdatamodeld in Sources */,
				71D9D17825AA64A900D6491A /* Project-CoreDataHelpers.swift in Sources */,
				71D9D19125AB7F3300D6491A /* EditProjectView.swift in Sources */,
				71BF633225A7AA81007025C2 /* DataController.swift in Sources */,
				71D9D17F25AB642A00D6491A /* ItemRowView.swift in Sources */,
				71BF630125A74E89007025C2 /* ContentView.swift in Sources */,
				71D9D18225AB69D900D6491A /* Binding-OnChange.swift in Sources */,
				71D9D17525AA639400D6491A /* Item-CoreDataHelpers.swift in Sources */,
				71BF633625A8C444007025C2 /* HomeView.swift in Sources */,
				71BF62FF25A74E89007025C2 /* UltimatePortfolioApp.swift in Sources */,
				71D9D17C25AB5D7800D6491A /* EditItemView.swift in Sources */,
			);
			runOnlyForDeploymentPostprocessing = 0;
		};
/* End PBXSourcesBuildPhase section */

/* Begin XCBuildConfiguration section */
		71BF630825A74E8A007025C2 /* Debug */ = {
			isa = XCBuildConfiguration;
			buildSettings = {
				ALWAYS_SEARCH_USER_PATHS = NO;
				CLANG_ANALYZER_NONNULL = YES;
				CLANG_ANALYZER_NUMBER_OBJECT_CONVERSION = YES_AGGRESSIVE;
				CLANG_CXX_LANGUAGE_STANDARD = "gnu++14";
				CLANG_CXX_LIBRARY = "libc++";
				CLANG_ENABLE_MODULES = YES;
				CLANG_ENABLE_OBJC_ARC = YES;
				CLANG_ENABLE_OBJC_WEAK = YES;
				CLANG_WARN_BLOCK_CAPTURE_AUTORELEASING = YES;
				CLANG_WARN_BOOL_CONVERSION = YES;
				CLANG_WARN_COMMA = YES;
				CLANG_WARN_CONSTANT_CONVERSION = YES;
				CLANG_WARN_DEPRECATED_OBJC_IMPLEMENTATIONS = YES;
				CLANG_WARN_DIRECT_OBJC_ISA_USAGE = YES_ERROR;
				CLANG_WARN_DOCUMENTATION_COMMENTS = YES;
				CLANG_WARN_EMPTY_BODY = YES;
				CLANG_WARN_ENUM_CONVERSION = YES;
				CLANG_WARN_INFINITE_RECURSION = YES;
				CLANG_WARN_INT_CONVERSION = YES;
				CLANG_WARN_NON_LITERAL_NULL_CONVERSION = YES;
				CLANG_WARN_OBJC_IMPLICIT_RETAIN_SELF = YES;
				CLANG_WARN_OBJC_LITERAL_CONVERSION = YES;
				CLANG_WARN_OBJC_ROOT_CLASS = YES_ERROR;
				CLANG_WARN_QUOTED_INCLUDE_IN_FRAMEWORK_HEADER = YES;
				CLANG_WARN_RANGE_LOOP_ANALYSIS = YES;
				CLANG_WARN_STRICT_PROTOTYPES = YES;
				CLANG_WARN_SUSPICIOUS_MOVE = YES;
				CLANG_WARN_UNGUARDED_AVAILABILITY = YES_AGGRESSIVE;
				CLANG_WARN_UNREACHABLE_CODE = YES;
				CLANG_WARN__DUPLICATE_METHOD_MATCH = YES;
				COPY_PHASE_STRIP = NO;
				DEBUG_INFORMATION_FORMAT = dwarf;
				ENABLE_STRICT_OBJC_MSGSEND = YES;
				ENABLE_TESTABILITY = YES;
				GCC_C_LANGUAGE_STANDARD = gnu11;
				GCC_DYNAMIC_NO_PIC = NO;
				GCC_NO_COMMON_BLOCKS = YES;
				GCC_OPTIMIZATION_LEVEL = 0;
				GCC_PREPROCESSOR_DEFINITIONS = (
					"DEBUG=1",
					"$(inherited)",
				);
				GCC_WARN_64_TO_32_BIT_CONVERSION = YES;
				GCC_WARN_ABOUT_RETURN_TYPE = YES_ERROR;
				GCC_WARN_UNDECLARED_SELECTOR = YES;
				GCC_WARN_UNINITIALIZED_AUTOS = YES_AGGRESSIVE;
				GCC_WARN_UNUSED_FUNCTION = YES;
				GCC_WARN_UNUSED_VARIABLE = YES;
				IPHONEOS_DEPLOYMENT_TARGET = 14.3;
				MTL_ENABLE_DEBUG_INFO = INCLUDE_SOURCE;
				MTL_FAST_MATH = YES;
				ONLY_ACTIVE_ARCH = YES;
				SDKROOT = iphoneos;
				SWIFT_ACTIVE_COMPILATION_CONDITIONS = DEBUG;
				SWIFT_OPTIMIZATION_LEVEL = "-Onone";
			};
			name = Debug;
		};
		71BF630925A74E8A007025C2 /* Release */ = {
			isa = XCBuildConfiguration;
			buildSettings = {
				ALWAYS_SEARCH_USER_PATHS = NO;
				CLANG_ANALYZER_NONNULL = YES;
				CLANG_ANALYZER_NUMBER_OBJECT_CONVERSION = YES_AGGRESSIVE;
				CLANG_CXX_LANGUAGE_STANDARD = "gnu++14";
				CLANG_CXX_LIBRARY = "libc++";
				CLANG_ENABLE_MODULES = YES;
				CLANG_ENABLE_OBJC_ARC = YES;
				CLANG_ENABLE_OBJC_WEAK = YES;
				CLANG_WARN_BLOCK_CAPTURE_AUTORELEASING = YES;
				CLANG_WARN_BOOL_CONVERSION = YES;
				CLANG_WARN_COMMA = YES;
				CLANG_WARN_CONSTANT_CONVERSION = YES;
				CLANG_WARN_DEPRECATED_OBJC_IMPLEMENTATIONS = YES;
				CLANG_WARN_DIRECT_OBJC_ISA_USAGE = YES_ERROR;
				CLANG_WARN_DOCUMENTATION_COMMENTS = YES;
				CLANG_WARN_EMPTY_BODY = YES;
				CLANG_WARN_ENUM_CONVERSION = YES;
				CLANG_WARN_INFINITE_RECURSION = YES;
				CLANG_WARN_INT_CONVERSION = YES;
				CLANG_WARN_NON_LITERAL_NULL_CONVERSION = YES;
				CLANG_WARN_OBJC_IMPLICIT_RETAIN_SELF = YES;
				CLANG_WARN_OBJC_LITERAL_CONVERSION = YES;
				CLANG_WARN_OBJC_ROOT_CLASS = YES_ERROR;
				CLANG_WARN_QUOTED_INCLUDE_IN_FRAMEWORK_HEADER = YES;
				CLANG_WARN_RANGE_LOOP_ANALYSIS = YES;
				CLANG_WARN_STRICT_PROTOTYPES = YES;
				CLANG_WARN_SUSPICIOUS_MOVE = YES;
				CLANG_WARN_UNGUARDED_AVAILABILITY = YES_AGGRESSIVE;
				CLANG_WARN_UNREACHABLE_CODE = YES;
				CLANG_WARN__DUPLICATE_METHOD_MATCH = YES;
				COPY_PHASE_STRIP = NO;
				DEBUG_INFORMATION_FORMAT = "dwarf-with-dsym";
				ENABLE_NS_ASSERTIONS = NO;
				ENABLE_STRICT_OBJC_MSGSEND = YES;
				GCC_C_LANGUAGE_STANDARD = gnu11;
				GCC_NO_COMMON_BLOCKS = YES;
				GCC_WARN_64_TO_32_BIT_CONVERSION = YES;
				GCC_WARN_ABOUT_RETURN_TYPE = YES_ERROR;
				GCC_WARN_UNDECLARED_SELECTOR = YES;
				GCC_WARN_UNINITIALIZED_AUTOS = YES_AGGRESSIVE;
				GCC_WARN_UNUSED_FUNCTION = YES;
				GCC_WARN_UNUSED_VARIABLE = YES;
				IPHONEOS_DEPLOYMENT_TARGET = 14.3;
				MTL_ENABLE_DEBUG_INFO = NO;
				MTL_FAST_MATH = YES;
				SDKROOT = iphoneos;
				SWIFT_COMPILATION_MODE = wholemodule;
				SWIFT_OPTIMIZATION_LEVEL = "-O";
				VALIDATE_PRODUCT = YES;
			};
			name = Release;
		};
		71BF630B25A74E8A007025C2 /* Debug */ = {
			isa = XCBuildConfiguration;
			buildSettings = {
				ASSETCATALOG_COMPILER_APPICON_NAME = AppIcon;
				ASSETCATALOG_COMPILER_GLOBAL_ACCENT_COLOR_NAME = AccentColor;
				CODE_SIGN_ENTITLEMENTS = UltimatePortfolio/UltimatePortfolio.entitlements;
				CODE_SIGN_STYLE = Automatic;
				DEVELOPMENT_ASSET_PATHS = "\"UltimatePortfolio/Preview Content\"";
				DEVELOPMENT_TEAM = A9KHY3B9YG;
				ENABLE_PREVIEWS = YES;
				INFOPLIST_FILE = UltimatePortfolio/Info.plist;
				IPHONEOS_DEPLOYMENT_TARGET = 14.0;
				LD_RUNPATH_SEARCH_PATHS = (
					"$(inherited)",
					"@executable_path/Frameworks",
				);
				PRODUCT_BUNDLE_IDENTIFIER = com.terrafirmasoftware.UltimatePortfolio;
				PRODUCT_NAME = "$(TARGET_NAME)";
				SWIFT_VERSION = 5.0;
				TARGETED_DEVICE_FAMILY = "1,2";
			};
			name = Debug;
		};
		71BF630C25A74E8A007025C2 /* Release */ = {
			isa = XCBuildConfiguration;
			buildSettings = {
				ASSETCATALOG_COMPILER_APPICON_NAME = AppIcon;
				ASSETCATALOG_COMPILER_GLOBAL_ACCENT_COLOR_NAME = AccentColor;
				CODE_SIGN_ENTITLEMENTS = UltimatePortfolio/UltimatePortfolio.entitlements;
				CODE_SIGN_STYLE = Automatic;
				DEVELOPMENT_ASSET_PATHS = "\"UltimatePortfolio/Preview Content\"";
				DEVELOPMENT_TEAM = A9KHY3B9YG;
				ENABLE_PREVIEWS = YES;
				INFOPLIST_FILE = UltimatePortfolio/Info.plist;
				IPHONEOS_DEPLOYMENT_TARGET = 14.0;
				LD_RUNPATH_SEARCH_PATHS = (
					"$(inherited)",
					"@executable_path/Frameworks",
				);
				PRODUCT_BUNDLE_IDENTIFIER = com.terrafirmasoftware.UltimatePortfolio;
				PRODUCT_NAME = "$(TARGET_NAME)";
				SWIFT_VERSION = 5.0;
				TARGETED_DEVICE_FAMILY = "1,2";
			};
			name = Release;
		};
/* End XCBuildConfiguration section */

/* Begin XCConfigurationList section */
		71BF62F625A74E89007025C2 /* Build configuration list for PBXProject "UltimatePortfolio" */ = {
			isa = XCConfigurationList;
			buildConfigurations = (
				71BF630825A74E8A007025C2 /* Debug */,
				71BF630925A74E8A007025C2 /* Release */,
			);
			defaultConfigurationIsVisible = 0;
			defaultConfigurationName = Release;
		};
		71BF630A25A74E8A007025C2 /* Build configuration list for PBXNativeTarget "UltimatePortfolio" */ = {
			isa = XCConfigurationList;
			buildConfigurations = (
				71BF630B25A74E8A007025C2 /* Debug */,
				71BF630C25A74E8A007025C2 /* Release */,
			);
			defaultConfigurationIsVisible = 0;
			defaultConfigurationName = Release;
		};
/* End XCConfigurationList section */

/* Begin XCVersionGroup section */
		71BF632D25A7A772007025C2 /* Main.xcdatamodeld */ = {
			isa = XCVersionGroup;
			children = (
				71BF632E25A7A772007025C2 /* Main.xcdatamodel */,
			);
			currentVersion = 71BF632E25A7A772007025C2 /* Main.xcdatamodel */;
			path = Main.xcdatamodeld;
			sourceTree = "<group>";
			versionGroupType = wrapper.xcdatamodel;
		};
/* End XCVersionGroup section */
	};
	rootObject = 71BF62F325A74E89007025C2 /* Project object */;
}
